
Microsoft Visual Studio Solution File, Format Version 12.00
# Visual Studio Version 17
VisualStudioVersion = 17.8.34330.188
MinimumVisualStudioVersion = 10.0.40219.1
Project("{FAE04EC0-301F-11D3-BF4B-00C04F79EFBC}") = "ConsoleApp2", "ConsoleApp2\ConsoleApp2.csproj", "{BDD2D49B-C2B3-4326-A030-1DB3196E2565}"
EndProject
Global
	GlobalSection(SolutionConfigurationPlatforms) = preSolution
		Debug|Any CPU = Debug|Any CPU
		Release|Any CPU = Release|Any CPU
	EndGlobalSection
	GlobalSection(ProjectConfigurationPlatforms) = postSolution
		{BDD2D49B-C2B3-4326-A030-1DB3196E2565}.Debug|Any CPU.ActiveCfg = Debug|Any CPU
		{BDD2D49B-C2B3-4326-A030-1DB3196E2565}.Debug|Any CPU.Build.0 = Debug|Any CPU
		{BDD2D49B-C2B3-4326-A030-1DB3196E2565}.Release|Any CPU.ActiveCfg = Release|Any CPU
		{BDD2D49B-C2B3-4326-A030-1DB3196E2565}.Release|Any CPU.Build.0 = Release|Any CPU
	EndGlobalSection
	GlobalSection(SolutionProperties) = preSolution
		HideSolutionNode = FALSE
	EndGlobalSection
	GlobalSection(ExtensibilityGlobals) = postSolution
		SolutionGuid = {67E26F06-C9F7-4EBB-AA78-F16515687680}
	EndGlobalSection
EndGlobal
